// !$*UTF8*$!
{
	archiveVersion = 1;
	classes = {
	};
	objectVersion = 50;
	objects = {

/* Begin PBXBuildFile section */
		2B385B24279CB2B96992C051 /* Pods_ECommerce.framework in Frameworks */ = {isa = PBXBuildFile; fileRef = F52631D49D096D3FACC97385 /* Pods_ECommerce.framework */; };
		E5614B0224D293020048E1C2 /* AppDelegate.swift in Sources */ = {isa = PBXBuildFile; fileRef = E5614B0124D293020048E1C2 /* AppDelegate.swift */; };
		E5614B0424D293020048E1C2 /* SceneDelegate.swift in Sources */ = {isa = PBXBuildFile; fileRef = E5614B0324D293020048E1C2 /* SceneDelegate.swift */; };
		E5614B0624D293020048E1C2 /* ViewController.swift in Sources */ = {isa = PBXBuildFile; fileRef = E5614B0524D293020048E1C2 /* ViewController.swift */; };
		E5614B0B24D293030048E1C2 /* Assets.xcassets in Resources */ = {isa = PBXBuildFile; fileRef = E5614B0A24D293030048E1C2 /* Assets.xcassets */; };
		E5614B3024D2935B0048E1C2 /* ExpandedTabBarController.swift in Sources */ = {isa = PBXBuildFile; fileRef = E5614B1724D2935B0048E1C2 /* ExpandedTabBarController.swift */; };
		E5614B3124D2935B0048E1C2 /* ExpandedTabBarControllerDelegate.swift in Sources */ = {isa = PBXBuildFile; fileRef = E5614B1824D2935B0048E1C2 /* ExpandedTabBarControllerDelegate.swift */; };
		E5614B3224D2935B0048E1C2 /* ExpandedTabBarContainers.swift in Sources */ = {isa = PBXBuildFile; fileRef = E5614B1924D2935B0048E1C2 /* ExpandedTabBarContainers.swift */; };
		E5614B3324D2935B0048E1C2 /* UIView+Extensions.swift in Sources */ = {isa = PBXBuildFile; fileRef = E5614B1B24D2935B0048E1C2 /* UIView+Extensions.swift */; };
		E5614B3424D2935B0048E1C2 /* UIColor+Extensions.swift in Sources */ = {isa = PBXBuildFile; fileRef = E5614B1C24D2935B0048E1C2 /* UIColor+Extensions.swift */; };
		E5614B3524D2935B0048E1C2 /* UITabBar+Extensions.swift in Sources */ = {isa = PBXBuildFile; fileRef = E5614B1D24D2935B0048E1C2 /* UITabBar+Extensions.swift */; };
		E5614B3624D2935B0048E1C2 /* Constraints+Extensions.swift in Sources */ = {isa = PBXBuildFile; fileRef = E5614B1E24D2935B0048E1C2 /* Constraints+Extensions.swift */; };
		E5614B3724D2935B0048E1C2 /* Styles.swift in Sources */ = {isa = PBXBuildFile; fileRef = E5614B2024D2935B0048E1C2 /* Styles.swift */; };
		E5614B3824D2935B0048E1C2 /* ShadowOptions.swift in Sources */ = {isa = PBXBuildFile; fileRef = E5614B2124D2935B0048E1C2 /* ShadowOptions.swift */; };
		E5614B3924D2935B0048E1C2 /* BackgroundOptions.swift in Sources */ = {isa = PBXBuildFile; fileRef = E5614B2224D2935B0048E1C2 /* BackgroundOptions.swift */; };
		E5614B3A24D2935B0048E1C2 /* ContainerTabOptions.swift in Sources */ = {isa = PBXBuildFile; fileRef = E5614B2324D2935B0048E1C2 /* ContainerTabOptions.swift */; };
		E5614B3B24D2935B0048E1C2 /* ContainerOptions.swift in Sources */ = {isa = PBXBuildFile; fileRef = E5614B2424D2935B0048E1C2 /* ContainerOptions.swift */; };
		E5614B3C24D2935B0048E1C2 /* ExpandedTabBarConstraints.swift in Sources */ = {isa = PBXBuildFile; fileRef = E5614B2524D2935B0048E1C2 /* ExpandedTabBarConstraints.swift */; };
		E5614B3D24D2935B0048E1C2 /* ExpandedTabBarViews.swift in Sources */ = {isa = PBXBuildFile; fileRef = E5614B2624D2935B0048E1C2 /* ExpandedTabBarViews.swift */; };
		E5614B3E24D2935B0048E1C2 /* IndicatorTypes.swift in Sources */ = {isa = PBXBuildFile; fileRef = E5614B2824D2935B0048E1C2 /* IndicatorTypes.swift */; };
		E5614B3F24D2935B0048E1C2 /* ContainerView.swift in Sources */ = {isa = PBXBuildFile; fileRef = E5614B2924D2935B0048E1C2 /* ContainerView.swift */; };
		E5614B4024D2935B0048E1C2 /* TriangleView.swift in Sources */ = {isa = PBXBuildFile; fileRef = E5614B2A24D2935B0048E1C2 /* TriangleView.swift */; };
		E5614B4124D2935B0048E1C2 /* AnimationProtocol.swift in Sources */ = {isa = PBXBuildFile; fileRef = E5614B2C24D2935B0048E1C2 /* AnimationProtocol.swift */; };
		E5614B4224D2935B0048E1C2 /* TransformAnimation.swift in Sources */ = {isa = PBXBuildFile; fileRef = E5614B2D24D2935B0048E1C2 /* TransformAnimation.swift */; };
		E5614B4324D2935B0048E1C2 /* NoneAnimation.swift in Sources */ = {isa = PBXBuildFile; fileRef = E5614B2E24D2935B0048E1C2 /* NoneAnimation.swift */; };
		E5614B4424D2935B0048E1C2 /* AnimationType.swift in Sources */ = {isa = PBXBuildFile; fileRef = E5614B2F24D2935B0048E1C2 /* AnimationType.swift */; };
		E5614B4E24D293620048E1C2 /* LaunchScreen.storyboard in Resources */ = {isa = PBXBuildFile; fileRef = E5614B4724D293610048E1C2 /* LaunchScreen.storyboard */; };
		E5614B4F24D293620048E1C2 /* Main.storyboard in Resources */ = {isa = PBXBuildFile; fileRef = E5614B4924D293610048E1C2 /* Main.storyboard */; };
		E5614B5124D293620048E1C2 /* CustomViewController.swift in Sources */ = {isa = PBXBuildFile; fileRef = E5614B4C24D293620048E1C2 /* CustomViewController.swift */; };
/* End PBXBuildFile section */

/* Begin PBXFileReference section */
		AA6CBBE4256746BF3F4DFBD7 /* Pods-ECommerce.release.xcconfig */ = {isa = PBXFileReference; includeInIndex = 1; lastKnownFileType = text.xcconfig; name = "Pods-ECommerce.release.xcconfig"; path = "Target Support Files/Pods-ECommerce/Pods-ECommerce.release.xcconfig"; sourceTree = "<group>"; };
		AFA02C9A208B6C8962291F79 /* Pods-ECommerce.debug.xcconfig */ = {isa = PBXFileReference; includeInIndex = 1; lastKnownFileType = text.xcconfig; name = "Pods-ECommerce.debug.xcconfig"; path = "Target Support Files/Pods-ECommerce/Pods-ECommerce.debug.xcconfig"; sourceTree = "<group>"; };
		E5614AFE24D293020048E1C2 /* ECommerce.app */ = {isa = PBXFileReference; explicitFileType = wrapper.application; includeInIndex = 0; path = ECommerce.app; sourceTree = BUILT_PRODUCTS_DIR; };
		E5614B0124D293020048E1C2 /* AppDelegate.swift */ = {isa = PBXFileReference; lastKnownFileType = sourcecode.swift; path = AppDelegate.swift; sourceTree = "<group>"; };
		E5614B0324D293020048E1C2 /* SceneDelegate.swift */ = {isa = PBXFileReference; lastKnownFileType = sourcecode.swift; path = SceneDelegate.swift; sourceTree = "<group>"; };
		E5614B0524D293020048E1C2 /* ViewController.swift */ = {isa = PBXFileReference; lastKnownFileType = sourcecode.swift; path = ViewController.swift; sourceTree = "<group>"; };
		E5614B0A24D293030048E1C2 /* Assets.xcassets */ = {isa = PBXFileReference; lastKnownFileType = folder.assetcatalog; path = Assets.xcassets; sourceTree = "<group>"; };
		E5614B0F24D293030048E1C2 /* Info.plist */ = {isa = PBXFileReference; lastKnownFileType = text.plist.xml; path = Info.plist; sourceTree = "<group>"; };
		E5614B1724D2935B0048E1C2 /* ExpandedTabBarController.swift */ = {isa = PBXFileReference; fileEncoding = 4; lastKnownFileType = sourcecode.swift; path = ExpandedTabBarController.swift; sourceTree = "<group>"; };
		E5614B1824D2935B0048E1C2 /* ExpandedTabBarControllerDelegate.swift */ = {isa = PBXFileReference; fileEncoding = 4; lastKnownFileType = sourcecode.swift; path = ExpandedTabBarControllerDelegate.swift; sourceTree = "<group>"; };
		E5614B1924D2935B0048E1C2 /* ExpandedTabBarContainers.swift */ = {isa = PBXFileReference; fileEncoding = 4; lastKnownFileType = sourcecode.swift; path = ExpandedTabBarContainers.swift; sourceTree = "<group>"; };
		E5614B1B24D2935B0048E1C2 /* UIView+Extensions.swift */ = {isa = PBXFileReference; fileEncoding = 4; lastKnownFileType = sourcecode.swift; path = "UIView+Extensions.swift"; sourceTree = "<group>"; };
		E5614B1C24D2935B0048E1C2 /* UIColor+Extensions.swift */ = {isa = PBXFileReference; fileEncoding = 4; lastKnownFileType = sourcecode.swift; path = "UIColor+Extensions.swift"; sourceTree = "<group>"; };
		E5614B1D24D2935B0048E1C2 /* UITabBar+Extensions.swift */ = {isa = PBXFileReference; fileEncoding = 4; lastKnownFileType = sourcecode.swift; path = "UITabBar+Extensions.swift"; sourceTree = "<group>"; };
		E5614B1E24D2935B0048E1C2 /* Constraints+Extensions.swift */ = {isa = PBXFileReference; fileEncoding = 4; lastKnownFileType = sourcecode.swift; path = "Constraints+Extensions.swift"; sourceTree = "<group>"; };
		E5614B2024D2935B0048E1C2 /* Styles.swift */ = {isa = PBXFileReference; fileEncoding = 4; lastKnownFileType = sourcecode.swift; path = Styles.swift; sourceTree = "<group>"; };
		E5614B2124D2935B0048E1C2 /* ShadowOptions.swift */ = {isa = PBXFileReference; fileEncoding = 4; lastKnownFileType = sourcecode.swift; path = ShadowOptions.swift; sourceTree = "<group>"; };
		E5614B2224D2935B0048E1C2 /* BackgroundOptions.swift */ = {isa = PBXFileReference; fileEncoding = 4; lastKnownFileType = sourcecode.swift; path = BackgroundOptions.swift; sourceTree = "<group>"; };
		E5614B2324D2935B0048E1C2 /* ContainerTabOptions.swift */ = {isa = PBXFileReference; fileEncoding = 4; lastKnownFileType = sourcecode.swift; path = ContainerTabOptions.swift; sourceTree = "<group>"; };
		E5614B2424D2935B0048E1C2 /* ContainerOptions.swift */ = {isa = PBXFileReference; fileEncoding = 4; lastKnownFileType = sourcecode.swift; path = ContainerOptions.swift; sourceTree = "<group>"; };
		E5614B2524D2935B0048E1C2 /* ExpandedTabBarConstraints.swift */ = {isa = PBXFileReference; fileEncoding = 4; lastKnownFileType = sourcecode.swift; path = ExpandedTabBarConstraints.swift; sourceTree = "<group>"; };
		E5614B2624D2935B0048E1C2 /* ExpandedTabBarViews.swift */ = {isa = PBXFileReference; fileEncoding = 4; lastKnownFileType = sourcecode.swift; path = ExpandedTabBarViews.swift; sourceTree = "<group>"; };
		E5614B2824D2935B0048E1C2 /* IndicatorTypes.swift */ = {isa = PBXFileReference; fileEncoding = 4; lastKnownFileType = sourcecode.swift; path = IndicatorTypes.swift; sourceTree = "<group>"; };
		E5614B2924D2935B0048E1C2 /* ContainerView.swift */ = {isa = PBXFileReference; fileEncoding = 4; lastKnownFileType = sourcecode.swift; path = ContainerView.swift; sourceTree = "<group>"; };
		E5614B2A24D2935B0048E1C2 /* TriangleView.swift */ = {isa = PBXFileReference; fileEncoding = 4; lastKnownFileType = sourcecode.swift; path = TriangleView.swift; sourceTree = "<group>"; };
		E5614B2C24D2935B0048E1C2 /* AnimationProtocol.swift */ = {isa = PBXFileReference; fileEncoding = 4; lastKnownFileType = sourcecode.swift; path = AnimationProtocol.swift; sourceTree = "<group>"; };
		E5614B2D24D2935B0048E1C2 /* TransformAnimation.swift */ = {isa = PBXFileReference; fileEncoding = 4; lastKnownFileType = sourcecode.swift; path = TransformAnimation.swift; sourceTree = "<group>"; };
		E5614B2E24D2935B0048E1C2 /* NoneAnimation.swift */ = {isa = PBXFileReference; fileEncoding = 4; lastKnownFileType = sourcecode.swift; path = NoneAnimation.swift; sourceTree = "<group>"; };
		E5614B2F24D2935B0048E1C2 /* AnimationType.swift */ = {isa = PBXFileReference; fileEncoding = 4; lastKnownFileType = sourcecode.swift; path = AnimationType.swift; sourceTree = "<group>"; };
		E5614B4824D293610048E1C2 /* Base */ = {isa = PBXFileReference; lastKnownFileType = file.storyboard; name = Base; path = Base.lproj/LaunchScreen.storyboard; sourceTree = "<group>"; };
		E5614B4A24D293610048E1C2 /* Base */ = {isa = PBXFileReference; lastKnownFileType = file.storyboard; name = Base; path = Base.lproj/Main.storyboard; sourceTree = "<group>"; };
		E5614B4C24D293620048E1C2 /* CustomViewController.swift */ = {isa = PBXFileReference; fileEncoding = 4; lastKnownFileType = sourcecode.swift; path = CustomViewController.swift; sourceTree = "<group>"; };
		F52631D49D096D3FACC97385 /* Pods_ECommerce.framework */ = {isa = PBXFileReference; explicitFileType = wrapper.framework; includeInIndex = 0; path = Pods_ECommerce.framework; sourceTree = BUILT_PRODUCTS_DIR; };
/* End PBXFileReference section */

/* Begin PBXFrameworksBuildPhase section */
		E5614AFB24D293020048E1C2 /* Frameworks */ = {
			isa = PBXFrameworksBuildPhase;
			buildActionMask = 2147483647;
			files = (
				2B385B24279CB2B96992C051 /* Pods_ECommerce.framework in Frameworks */,
			);
			runOnlyForDeploymentPostprocessing = 0;
		};
/* End PBXFrameworksBuildPhase section */

/* Begin PBXGroup section */
		49A96D41AD65D620CFD45EF2 /* Frameworks */ = {
			isa = PBXGroup;
			children = (
				F52631D49D096D3FACC97385 /* Pods_ECommerce.framework */,
			);
			name = Frameworks;
			sourceTree = "<group>";
		};
		CCECD9B79D195C19D72C3876 /* Pods */ = {
			isa = PBXGroup;
			children = (
				AFA02C9A208B6C8962291F79 /* Pods-ECommerce.debug.xcconfig */,
				AA6CBBE4256746BF3F4DFBD7 /* Pods-ECommerce.release.xcconfig */,
			);
			name = Pods;
			path = Pods;
			sourceTree = "<group>";
		};
		E5614AF524D293020048E1C2 = {
			isa = PBXGroup;
			children = (
				E5614B0024D293020048E1C2 /* ECommerce */,
				E5614AFF24D293020048E1C2 /* Products */,
				CCECD9B79D195C19D72C3876 /* Pods */,
				49A96D41AD65D620CFD45EF2 /* Frameworks */,
			);
			sourceTree = "<group>";
		};
		E5614AFF24D293020048E1C2 /* Products */ = {
			isa = PBXGroup;
			children = (
				E5614AFE24D293020048E1C2 /* ECommerce.app */,
			);
			name = Products;
			sourceTree = "<group>";
		};
		E5614B0024D293020048E1C2 /* ECommerce */ = {
			isa = PBXGroup;
			children = (
				E5614B0124D293020048E1C2 /* AppDelegate.swift */,
				E5614B0324D293020048E1C2 /* SceneDelegate.swift */,
				E5614B0524D293020048E1C2 /* ViewController.swift */,
				E5614B4724D293610048E1C2 /* LaunchScreen.storyboard */,
				E5614B4924D293610048E1C2 /* Main.storyboard */,
				E5614B4524D293610048E1C2 /* ExpandedTabBar */,
				E5614B1524D2935B0048E1C2 /* Sources */,
				E5614B0A24D293030048E1C2 /* Assets.xcassets */,
				E5614B0F24D293030048E1C2 /* Info.plist */,
			);
			path = ECommerce;
			sourceTree = "<group>";
		};
		E5614B1524D2935B0048E1C2 /* Sources */ = {
			isa = PBXGroup;
			children = (
				E5614B1624D2935B0048E1C2 /* ExpandedTabBar */,
			);
			path = Sources;
			sourceTree = "<group>";
		};
		E5614B1624D2935B0048E1C2 /* ExpandedTabBar */ = {
			isa = PBXGroup;
			children = (
				E5614B1724D2935B0048E1C2 /* ExpandedTabBarController.swift */,
				E5614B1824D2935B0048E1C2 /* ExpandedTabBarControllerDelegate.swift */,
				E5614B1924D2935B0048E1C2 /* ExpandedTabBarContainers.swift */,
				E5614B1A24D2935B0048E1C2 /* Extensions */,
				E5614B1F24D2935B0048E1C2 /* Styles */,
				E5614B2524D2935B0048E1C2 /* ExpandedTabBarConstraints.swift */,
				E5614B2624D2935B0048E1C2 /* ExpandedTabBarViews.swift */,
				E5614B2724D2935B0048E1C2 /* Views */,
				E5614B2B24D2935B0048E1C2 /* Animations */,
			);
			path = ExpandedTabBar;
			sourceTree = "<group>";
		};
		E5614B1A24D2935B0048E1C2 /* Extensions */ = {
			isa = PBXGroup;
			children = (
				E5614B1B24D2935B0048E1C2 /* UIView+Extensions.swift */,
				E5614B1C24D2935B0048E1C2 /* UIColor+Extensions.swift */,
				E5614B1D24D2935B0048E1C2 /* UITabBar+Extensions.swift */,
				E5614B1E24D2935B0048E1C2 /* Constraints+Extensions.swift */,
			);
			path = Extensions;
			sourceTree = "<group>";
		};
		E5614B1F24D2935B0048E1C2 /* Styles */ = {
			isa = PBXGroup;
			children = (
				E5614B2024D2935B0048E1C2 /* Styles.swift */,
				E5614B2124D2935B0048E1C2 /* ShadowOptions.swift */,
				E5614B2224D2935B0048E1C2 /* BackgroundOptions.swift */,
				E5614B2324D2935B0048E1C2 /* ContainerTabOptions.swift */,
				E5614B2424D2935B0048E1C2 /* ContainerOptions.swift */,
			);
			path = Styles;
			sourceTree = "<group>";
		};
		E5614B2724D2935B0048E1C2 /* Views */ = {
			isa = PBXGroup;
			children = (
				E5614B2824D2935B0048E1C2 /* IndicatorTypes.swift */,
				E5614B2924D2935B0048E1C2 /* ContainerView.swift */,
				E5614B2A24D2935B0048E1C2 /* TriangleView.swift */,
			);
			path = Views;
			sourceTree = "<group>";
		};
		E5614B2B24D2935B0048E1C2 /* Animations */ = {
			isa = PBXGroup;
			children = (
				E5614B2C24D2935B0048E1C2 /* AnimationProtocol.swift */,
				E5614B2D24D2935B0048E1C2 /* TransformAnimation.swift */,
				E5614B2E24D2935B0048E1C2 /* NoneAnimation.swift */,
				E5614B2F24D2935B0048E1C2 /* AnimationType.swift */,
			);
			path = Animations;
			sourceTree = "<group>";
		};
		E5614B4524D293610048E1C2 /* ExpandedTabBar */ = {
			isa = PBXGroup;
			children = (
				E5614B4C24D293620048E1C2 /* CustomViewController.swift */,
			);
			path = ExpandedTabBar;
			sourceTree = "<group>";
		};
/* End PBXGroup section */

/* Begin PBXNativeTarget section */
		E5614AFD24D293020048E1C2 /* ECommerce */ = {
			isa = PBXNativeTarget;
			buildConfigurationList = E5614B1224D293030048E1C2 /* Build configuration list for PBXNativeTarget "ECommerce" */;
			buildPhases = (
				FE41ED61FB638F7303EAE41F /* [CP] Check Pods Manifest.lock */,
				E5614AFA24D293020048E1C2 /* Sources */,
				E5614AFB24D293020048E1C2 /* Frameworks */,
				E5614AFC24D293020048E1C2 /* Resources */,
				1D36348185B53A9B00EB0321 /* [CP] Embed Pods Frameworks */,
			);
			buildRules = (
			);
			dependencies = (
			);
			name = ECommerce;
			productName = ECommerce;
			productReference = E5614AFE24D293020048E1C2 /* ECommerce.app */;
			productType = "com.apple.product-type.application";
		};
/* End PBXNativeTarget section */

/* Begin PBXProject section */
		E5614AF624D293020048E1C2 /* Project object */ = {
			isa = PBXProject;
			attributes = {
				LastSwiftUpdateCheck = 1150;
				LastUpgradeCheck = 1150;
				ORGANIZATIONNAME = "ZedSS Technologies";
				TargetAttributes = {
					E5614AFD24D293020048E1C2 = {
						CreatedOnToolsVersion = 11.5;
					};
				};
			};
			buildConfigurationList = E5614AF924D293020048E1C2 /* Build configuration list for PBXProject "ECommerce" */;
			compatibilityVersion = "Xcode 9.3";
			developmentRegion = en;
			hasScannedForEncodings = 0;
			knownRegions = (
				en,
				Base,
			);
			mainGroup = E5614AF524D293020048E1C2;
			productRefGroup = E5614AFF24D293020048E1C2 /* Products */;
			projectDirPath = "";
			projectRoot = "";
			targets = (
				E5614AFD24D293020048E1C2 /* ECommerce */,
			);
		};
/* End PBXProject section */

/* Begin PBXResourcesBuildPhase section */
		E5614AFC24D293020048E1C2 /* Resources */ = {
			isa = PBXResourcesBuildPhase;
			buildActionMask = 2147483647;
			files = (
				E5614B0B24D293030048E1C2 /* Assets.xcassets in Resources */,
				E5614B4F24D293620048E1C2 /* Main.storyboard in Resources */,
				E5614B4E24D293620048E1C2 /* LaunchScreen.storyboard in Resources */,
			);
			runOnlyForDeploymentPostprocessing = 0;
		};
/* End PBXResourcesBuildPhase section */

/* Begin PBXShellScriptBuildPhase section */
		1D36348185B53A9B00EB0321 /* [CP] Embed Pods Frameworks */ = {
			isa = PBXShellScriptBuildPhase;
			buildActionMask = 2147483647;
			files = (
			);
			inputFileListPaths = (
				"${PODS_ROOT}/Target Support Files/Pods-ECommerce/Pods-ECommerce-frameworks-${CONFIGURATION}-input-files.xcfilelist",
			);
			name = "[CP] Embed Pods Frameworks";
			outputFileListPaths = (
				"${PODS_ROOT}/Target Support Files/Pods-ECommerce/Pods-ECommerce-frameworks-${CONFIGURATION}-output-files.xcfilelist",
			);
			runOnlyForDeploymentPostprocessing = 0;
			shellPath = /bin/sh;
			shellScript = "\"${PODS_ROOT}/Target Support Files/Pods-ECommerce/Pods-ECommerce-frameworks.sh\"\n";
			showEnvVarsInLog = 0;
		};
		FE41ED61FB638F7303EAE41F /* [CP] Check Pods Manifest.lock */ = {
			isa = PBXShellScriptBuildPhase;
			buildActionMask = 2147483647;
			files = (
			);
			inputFileListPaths = (
			);
			inputPaths = (
				"${PODS_PODFILE_DIR_PATH}/Podfile.lock",
				"${PODS_ROOT}/Manifest.lock",
			);
			name = "[CP] Check Pods Manifest.lock";
			outputFileListPaths = (
			);
			outputPaths = (
				"$(DERIVED_FILE_DIR)/Pods-ECommerce-checkManifestLockResult.txt",
			);
			runOnlyForDeploymentPostprocessing = 0;
			shellPath = /bin/sh;
			shellScript = "diff \"${PODS_PODFILE_DIR_PATH}/Podfile.lock\" \"${PODS_ROOT}/Manifest.lock\" > /dev/null\nif [ $? != 0 ] ; then\n    # print error to STDERR\n    echo \"error: The sandbox is not in sync with the Podfile.lock. Run 'pod install' or update your CocoaPods installation.\" >&2\n    exit 1\nfi\n# This output is used by Xcode 'outputs' to avoid re-running this script phase.\necho \"SUCCESS\" > \"${SCRIPT_OUTPUT_FILE_0}\"\n";
			showEnvVarsInLog = 0;
		};
/* End PBXShellScriptBuildPhase section */

/* Begin PBXSourcesBuildPhase section */
		E5614AFA24D293020048E1C2 /* Sources */ = {
			isa = PBXSourcesBuildPhase;
			buildActionMask = 2147483647;
			files = (
				E5614B3724D2935B0048E1C2 /* Styles.swift in Sources */,
				E5614B3324D2935B0048E1C2 /* UIView+Extensions.swift in Sources */,
				E5614B3B24D2935B0048E1C2 /* ContainerOptions.swift in Sources */,
				E5614B3224D2935B0048E1C2 /* ExpandedTabBarContainers.swift in Sources */,
				E5614B0624D293020048E1C2 /* ViewController.swift in Sources */,
				E5614B4224D2935B0048E1C2 /* TransformAnimation.swift in Sources */,
				E5614B3824D2935B0048E1C2 /* ShadowOptions.swift in Sources */,
				E5614B3D24D2935B0048E1C2 /* ExpandedTabBarViews.swift in Sources */,
				E5614B4424D2935B0048E1C2 /* AnimationType.swift in Sources */,
				E5614B3524D2935B0048E1C2 /* UITabBar+Extensions.swift in Sources */,
				E5614B3C24D2935B0048E1C2 /* ExpandedTabBarConstraints.swift in Sources */,
				E5614B3624D2935B0048E1C2 /* Constraints+Extensions.swift in Sources */,
				E5614B4024D2935B0048E1C2 /* TriangleView.swift in Sources */,
				E5614B3424D2935B0048E1C2 /* UIColor+Extensions.swift in Sources */,
				E5614B3E24D2935B0048E1C2 /* IndicatorTypes.swift in Sources */,
				E5614B3A24D2935B0048E1C2 /* ContainerTabOptions.swift in Sources */,
				E5614B3F24D2935B0048E1C2 /* ContainerView.swift in Sources */,
				E5614B4124D2935B0048E1C2 /* AnimationProtocol.swift in Sources */,
				E5614B3924D2935B0048E1C2 /* BackgroundOptions.swift in Sources */,
				E5614B4324D2935B0048E1C2 /* NoneAnimation.swift in Sources */,
				E5614B0224D293020048E1C2 /* AppDelegate.swift in Sources */,
				E5614B3024D2935B0048E1C2 /* ExpandedTabBarController.swift in Sources */,
				E5614B5124D293620048E1C2 /* CustomViewController.swift in Sources */,
				E5614B3124D2935B0048E1C2 /* ExpandedTabBarControllerDelegate.swift in Sources */,
				E5614B0424D293020048E1C2 /* SceneDelegate.swift in Sources */,
			);
			runOnlyForDeploymentPostprocessing = 0;
		};
/* End PBXSourcesBuildPhase section */

/* Begin PBXVariantGroup section */
		E5614B4724D293610048E1C2 /* LaunchScreen.storyboard */ = {
			isa = PBXVariantGroup;
			children = (
				E5614B4824D293610048E1C2 /* Base */,
			);
			name = LaunchScreen.storyboard;
			sourceTree = "<group>";
		};
		E5614B4924D293610048E1C2 /* Main.storyboard */ = {
			isa = PBXVariantGroup;
			children = (
				E5614B4A24D293610048E1C2 /* Base */,
			);
			name = Main.storyboard;
			sourceTree = "<group>";
		};
/* End PBXVariantGroup section */

/* Begin XCBuildConfiguration section */
		E5614B1024D293030048E1C2 /* Debug */ = {
			isa = XCBuildConfiguration;
			buildSettings = {
				ALWAYS_SEARCH_USER_PATHS = NO;
				CLANG_ANALYZER_NONNULL = YES;
				CLANG_ANALYZER_NUMBER_OBJECT_CONVERSION = YES_AGGRESSIVE;
				CLANG_CXX_LANGUAGE_STANDARD = "gnu++14";
				CLANG_CXX_LIBRARY = "libc++";
				CLANG_ENABLE_MODULES = YES;
				CLANG_ENABLE_OBJC_ARC = YES;
				CLANG_ENABLE_OBJC_WEAK = YES;
				CLANG_WARN_BLOCK_CAPTURE_AUTORELEASING = YES;
				CLANG_WARN_BOOL_CONVERSION = YES;
				CLANG_WARN_COMMA = YES;
				CLANG_WARN_CONSTANT_CONVERSION = YES;
				CLANG_WARN_DEPRECATED_OBJC_IMPLEMENTATIONS = YES;
				CLANG_WARN_DIRECT_OBJC_ISA_USAGE = YES_ERROR;
				CLANG_WARN_DOCUMENTATION_COMMENTS = YES;
				CLANG_WARN_EMPTY_BODY = YES;
				CLANG_WARN_ENUM_CONVERSION = YES;
				CLANG_WARN_INFINITE_RECURSION = YES;
				CLANG_WARN_INT_CONVERSION = YES;
				CLANG_WARN_NON_LITERAL_NULL_CONVERSION = YES;
				CLANG_WARN_OBJC_IMPLICIT_RETAIN_SELF = YES;
				CLANG_WARN_OBJC_LITERAL_CONVERSION = YES;
				CLANG_WARN_OBJC_ROOT_CLASS = YES_ERROR;
				CLANG_WARN_RANGE_LOOP_ANALYSIS = YES;
				CLANG_WARN_STRICT_PROTOTYPES = YES;
				CLANG_WARN_SUSPICIOUS_MOVE = YES;
				CLANG_WARN_UNGUARDED_AVAILABILITY = YES_AGGRESSIVE;
				CLANG_WARN_UNREACHABLE_CODE = YES;
				CLANG_WARN__DUPLICATE_METHOD_MATCH = YES;
				COPY_PHASE_STRIP = NO;
				DEBUG_INFORMATION_FORMAT = dwarf;
				ENABLE_STRICT_OBJC_MSGSEND = YES;
				ENABLE_TESTABILITY = YES;
				GCC_C_LANGUAGE_STANDARD = gnu11;
				GCC_DYNAMIC_NO_PIC = NO;
				GCC_NO_COMMON_BLOCKS = YES;
				GCC_OPTIMIZATION_LEVEL = 0;
				GCC_PREPROCESSOR_DEFINITIONS = (
					"DEBUG=1",
					"$(inherited)",
				);
				GCC_WARN_64_TO_32_BIT_CONVERSION = YES;
				GCC_WARN_ABOUT_RETURN_TYPE = YES_ERROR;
				GCC_WARN_UNDECLARED_SELECTOR = YES;
				GCC_WARN_UNINITIALIZED_AUTOS = YES_AGGRESSIVE;
				GCC_WARN_UNUSED_FUNCTION = YES;
				GCC_WARN_UNUSED_VARIABLE = YES;
				IPHONEOS_DEPLOYMENT_TARGET = 13.5;
				MTL_ENABLE_DEBUG_INFO = INCLUDE_SOURCE;
				MTL_FAST_MATH = YES;
				ONLY_ACTIVE_ARCH = YES;
				SDKROOT = iphoneos;
				SWIFT_ACTIVE_COMPILATION_CONDITIONS = DEBUG;
				SWIFT_OPTIMIZATION_LEVEL = "-Onone";
			};
			name = Debug;
		};
		E5614B1124D293030048E1C2 /* Release */ = {
			isa = XCBuildConfiguration;
			buildSettings = {
				ALWAYS_SEARCH_USER_PATHS = NO;
				CLANG_ANALYZER_NONNULL = YES;
				CLANG_ANALYZER_NUMBER_OBJECT_CONVERSION = YES_AGGRESSIVE;
				CLANG_CXX_LANGUAGE_STANDARD = "gnu++14";
				CLANG_CXX_LIBRARY = "libc++";
				CLANG_ENABLE_MODULES = YES;
				CLANG_ENABLE_OBJC_ARC = YES;
				CLANG_ENABLE_OBJC_WEAK = YES;
				CLANG_WARN_BLOCK_CAPTURE_AUTORELEASING = YES;
				CLANG_WARN_BOOL_CONVERSION = YES;
				CLANG_WARN_COMMA = YES;
				CLANG_WARN_CONSTANT_CONVERSION = YES;
				CLANG_WARN_DEPRECATED_OBJC_IMPLEMENTATIONS = YES;
				CLANG_WARN_DIRECT_OBJC_ISA_USAGE = YES_ERROR;
				CLANG_WARN_DOCUMENTATION_COMMENTS = YES;
				CLANG_WARN_EMPTY_BODY = YES;
				CLANG_WARN_ENUM_CONVERSION = YES;
				CLANG_WARN_INFINITE_RECURSION = YES;
				CLANG_WARN_INT_CONVERSION = YES;
				CLANG_WARN_NON_LITERAL_NULL_CONVERSION = YES;
				CLANG_WARN_OBJC_IMPLICIT_RETAIN_SELF = YES;
				CLANG_WARN_OBJC_LITERAL_CONVERSION = YES;
				CLANG_WARN_OBJC_ROOT_CLASS = YES_ERROR;
				CLANG_WARN_RANGE_LOOP_ANALYSIS = YES;
				CLANG_WARN_STRICT_PROTOTYPES = YES;
				CLANG_WARN_SUSPICIOUS_MOVE = YES;
				CLANG_WARN_UNGUARDED_AVAILABILITY = YES_AGGRESSIVE;
				CLANG_WARN_UNREACHABLE_CODE = YES;
				CLANG_WARN__DUPLICATE_METHOD_MATCH = YES;
				COPY_PHASE_STRIP = NO;
				DEBUG_INFORMATION_FORMAT = "dwarf-with-dsym";
				ENABLE_NS_ASSERTIONS = NO;
				ENABLE_STRICT_OBJC_MSGSEND = YES;
				GCC_C_LANGUAGE_STANDARD = gnu11;
				GCC_NO_COMMON_BLOCKS = YES;
				GCC_WARN_64_TO_32_BIT_CONVERSION = YES;
				GCC_WARN_ABOUT_RETURN_TYPE = YES_ERROR;
				GCC_WARN_UNDECLARED_SELECTOR = YES;
				GCC_WARN_UNINITIALIZED_AUTOS = YES_AGGRESSIVE;
				GCC_WARN_UNUSED_FUNCTION = YES;
				GCC_WARN_UNUSED_VARIABLE = YES;
				IPHONEOS_DEPLOYMENT_TARGET = 13.5;
				MTL_ENABLE_DEBUG_INFO = NO;
				MTL_FAST_MATH = YES;
				SDKROOT = iphoneos;
				SWIFT_COMPILATION_MODE = wholemodule;
				SWIFT_OPTIMIZATION_LEVEL = "-O";
				VALIDATE_PRODUCT = YES;
			};
			name = Release;
		};
		E5614B1324D293030048E1C2 /* Debug */ = {
			isa = XCBuildConfiguration;
			baseConfigurationReference = AFA02C9A208B6C8962291F79 /* Pods-ECommerce.debug.xcconfig */;
			buildSettings = {
				ASSETCATALOG_COMPILER_APPICON_NAME = AppIcon;
				CODE_SIGN_STYLE = Automatic;
				DEVELOPMENT_TEAM = 4X33HK5MBJ;
				INFOPLIST_FILE = ECommerce/Info.plist;
				LD_RUNPATH_SEARCH_PATHS = (
					"$(inherited)",
					"@executable_path/Frameworks",
				);
				PRODUCT_BUNDLE_IDENTIFIER = com.ZedSS.ECommerce;
				PRODUCT_NAME = "$(TARGET_NAME)";
				SWIFT_VERSION = 5.0;
				TARGETED_DEVICE_FAMILY = "1,2";
			};
			name = Debug;
		};
		E5614B1424D293030048E1C2 /* Release */ = {
			isa = XCBuildConfiguration;
			baseConfigurationReference = AA6CBBE4256746BF3F4DFBD7 /* Pods-ECommerce.release.xcconfig */;
			buildSettings = {
				ASSETCATALOG_COMPILER_APPICON_NAME = AppIcon;
				CODE_SIGN_STYLE = Automatic;
				DEVELOPMENT_TEAM = 4X33HK5MBJ;
				INFOPLIST_FILE = ECommerce/Info.plist;
				LD_RUNPATH_SEARCH_PATHS = (
					"$(inherited)",
					"@executable_path/Frameworks",
				);
				PRODUCT_BUNDLE_IDENTIFIER = com.ZedSS.ECommerce;
				PRODUCT_NAME = "$(TARGET_NAME)";
				SWIFT_VERSION = 5.0;
				TARGETED_DEVICE_FAMILY = "1,2";
			};
			name = Release;
		};
/* End XCBuildConfiguration section */

/* Begin XCConfigurationList section */
		E5614AF924D293020048E1C2 /* Build configuration list for PBXProject "ECommerce" */ = {
			isa = XCConfigurationList;
			buildConfigurations = (
				E5614B1024D293030048E1C2 /* Debug */,
				E5614B1124D293030048E1C2 /* Release */,
			);
			defaultConfigurationIsVisible = 0;
			defaultConfigurationName = Release;
		};
		E5614B1224D293030048E1C2 /* Build configuration list for PBXNativeTarget "ECommerce" */ = {
			isa = XCConfigurationList;
			buildConfigurations = (
				E5614B1324D293030048E1C2 /* Debug */,
				E5614B1424D293030048E1C2 /* Release */,
			);
			defaultConfigurationIsVisible = 0;
			defaultConfigurationName = Release;
		};
/* End XCConfigurationList section */
	};
	rootObject = E5614AF624D293020048E1C2 /* Project object */;
}
